
Microsoft Visual Studio Solution File, Format Version 12.00
# Visual Studio Version 17
VisualStudioVersion = 17.5.33530.505
MinimumVisualStudioVersion = 10.0.40219.1
Project("{9A19103F-16F7-4668-BE54-9A1E7A4F7556}") = "PlatformService", "PlatformService.csproj", "{F2E0C3FB-1BA4-459A-AC9D-F713ECC4E24C}"
EndProject
Global
	GlobalSection(SolutionConfigurationPlatforms) = preSolution
		Debug|Any CPU = Debug|Any CPU
		Release|Any CPU = Release|Any CPU
	EndGlobalSection
	GlobalSection(ProjectConfigurationPlatforms) = postSolution
		{F2E0C3FB-1BA4-459A-AC9D-F713ECC4E24C}.Debug|Any CPU.ActiveCfg = Debug|Any CPU
		{F2E0C3FB-1BA4-459A-AC9D-F713ECC4E24C}.Debug|Any CPU.Build.0 = Debug|Any CPU
		{F2E0C3FB-1BA4-459A-AC9D-F713ECC4E24C}.Release|Any CPU.ActiveCfg = Release|Any CPU
		{F2E0C3FB-1BA4-459A-AC9D-F713ECC4E24C}.Release|Any CPU.Build.0 = Release|Any CPU
	EndGlobalSection
	GlobalSection(SolutionProperties) = preSolution
		HideSolutionNode = FALSE
	EndGlobalSection
	GlobalSection(ExtensibilityGlobals) = postSolution
		SolutionGuid = {E9C80CF3-3021-4DE0-AB6D-214F19EF39CF}
	EndGlobalSection
EndGlobal
